
Microsoft Visual Studio Solution File, Format Version 12.00
# Visual Studio Version 17
VisualStudioVersion = 17.4.33213.308
MinimumVisualStudioVersion = 10.0.40219.1
Project("{FAE04EC0-301F-11D3-BF4B-00C04F79EFBC}") = "Library", "Library\Library.csproj", "{B1A79769-F62A-4AAE-9426-2E02606877C4}"
EndProject
Project("{FAE04EC0-301F-11D3-BF4B-00C04F79EFBC}") = "Library.Infrastructure", "Library.Infrastructure\Library.Infrastructure.csproj", "{9FDDA553-2817-4A45-876B-7F6FD210E3D0}"
EndProject
Global
	GlobalSection(SolutionConfigurationPlatforms) = preSolution
		Debug|Any CPU = Debug|Any CPU
		Release|Any CPU = Release|Any CPU
	EndGlobalSection
	GlobalSection(ProjectConfigurationPlatforms) = postSolution
		{B1A79769-F62A-4AAE-9426-2E02606877C4}.Debug|Any CPU.ActiveCfg = Debug|Any CPU
		{B1A79769-F62A-4AAE-9426-2E02606877C4}.Debug|Any CPU.Build.0 = Debug|Any CPU
		{B1A79769-F62A-4AAE-9426-2E02606877C4}.Release|Any CPU.ActiveCfg = Release|Any CPU
		{B1A79769-F62A-4AAE-9426-2E02606877C4}.Release|Any CPU.Build.0 = Release|Any CPU
		{9FDDA553-2817-4A45-876B-7F6FD210E3D0}.Debug|Any CPU.ActiveCfg = Debug|Any CPU
		{9FDDA553-2817-4A45-876B-7F6FD210E3D0}.Debug|Any CPU.Build.0 = Debug|Any CPU
		{9FDDA553-2817-4A45-876B-7F6FD210E3D0}.Release|Any CPU.ActiveCfg = Release|Any CPU
		{9FDDA553-2817-4A45-876B-7F6FD210E3D0}.Release|Any CPU.Build.0 = Release|Any CPU
	EndGlobalSection
	GlobalSection(SolutionProperties) = preSolution
		HideSolutionNode = FALSE
	EndGlobalSection
	GlobalSection(ExtensibilityGlobals) = postSolution
		SolutionGuid = {290FCCA0-7F27-4484-936E-9D3D88D4C5F7}
	EndGlobalSection
EndGlobal
